// !$*UTF8*$!
{
	archiveVersion = 1;
	classes = {
	};
	objectVersion = 50;
	objects = {

/* Begin PBXBuildFile section */
		3F33389F247E454D00F89653 /* SimpleAnnotation.swift in Sources */ = {isa = PBXBuildFile; fileRef = 3F33389E247E454D00F89653 /* SimpleAnnotation.swift */; };
		3F5B66202568E7AF00AC19DA /* MapOverlay.swift in Sources */ = {isa = PBXBuildFile; fileRef = 3F5B661F2568E7AF00AC19DA /* MapOverlay.swift */; };
		3F6A4CCA25852D0E006F38D0 /* initial_data.json in Resources */ = {isa = PBXBuildFile; fileRef = 3F6A4CC925852D0E006F38D0 /* initial_data.json */; };
		3F5B66292585956000AC19DA /* MapOverlay.swift in Sources */ = {isa = PBXBuildFile; fileRef = 3F5B66282585956000AC19DA /* MapOverlay.swift */; };
		3F5B662C25859A9D00AC19DA /* tiles in Resources */ = {isa = PBXBuildFile; fileRef = 3F5B662B25859A9D00AC19DA /* tiles */; };
		3FB5AA4E247E2CD100DF2966 /* CustomAnnotation.swift in Sources */ = {isa = PBXBuildFile; fileRef = 3FB5AA4D247E2CD100DF2966 /* CustomAnnotation.swift */; };
		DC3FDF992467A2D100DD613A /* Repository.swift in Sources */ = {isa = PBXBuildFile; fileRef = DC3FDF982467A2D100DD613A /* Repository.swift */; };
		F3095931246BA1A40088FB19 /* ImageManager.swift in Sources */ = {isa = PBXBuildFile; fileRef = F3095930246BA1A40088FB19 /* ImageManager.swift */; };
		F30CA2032460A2F800CEA2A6 /* AppDelegate.swift in Sources */ = {isa = PBXBuildFile; fileRef = F30CA2022460A2F800CEA2A6 /* AppDelegate.swift */; };
		F30CA20F2460A2FC00CEA2A6 /* Assets.xcassets in Resources */ = {isa = PBXBuildFile; fileRef = F30CA20E2460A2FC00CEA2A6 /* Assets.xcassets */; };
		F30CA2122460A2FC00CEA2A6 /* LaunchScreen.storyboard in Resources */ = {isa = PBXBuildFile; fileRef = F30CA2102460A2FC00CEA2A6 /* LaunchScreen.storyboard */; };
		F30CA26C2460A3D800CEA2A6 /* ScannerView.swift in Sources */ = {isa = PBXBuildFile; fileRef = F30CA2362460A3D700CEA2A6 /* ScannerView.swift */; };
		F30CA26E2460A3D800CEA2A6 /* MainTabBar.swift in Sources */ = {isa = PBXBuildFile; fileRef = F30CA2382460A3D700CEA2A6 /* MainTabBar.swift */; };
		F30CA27F2460A3D800CEA2A6 /* ItemCollectionCell.swift in Sources */ = {isa = PBXBuildFile; fileRef = F30CA24B2460A3D700CEA2A6 /* ItemCollectionCell.swift */; };
		F30CA2802460A3D800CEA2A6 /* ItemCollectionView.swift in Sources */ = {isa = PBXBuildFile; fileRef = F30CA24C2460A3D700CEA2A6 /* ItemCollectionView.swift */; };
		F30CA2822460A3D800CEA2A6 /* ItemDetailView.swift in Sources */ = {isa = PBXBuildFile; fileRef = F30CA24E2460A3D700CEA2A6 /* ItemDetailView.swift */; };
		F30CA2842460A3D800CEA2A6 /* MockDatabase.swift in Sources */ = {isa = PBXBuildFile; fileRef = F30CA2512460A3D700CEA2A6 /* MockDatabase.swift */; };
		F30CA2852460A3D800CEA2A6 /* 28092_story.txt in Resources */ = {isa = PBXBuildFile; fileRef = F30CA2532460A3D700CEA2A6 /* 28092_story.txt */; };
		F30CA2862460A3D800CEA2A6 /* 28086_story.txt in Resources */ = {isa = PBXBuildFile; fileRef = F30CA2542460A3D700CEA2A6 /* 28086_story.txt */; };
		F30CA2872460A3D800CEA2A6 /* 28063_story.txt in Resources */ = {isa = PBXBuildFile; fileRef = F30CA2552460A3D700CEA2A6 /* 28063_story.txt */; };
		F30CA2882460A3D800CEA2A6 /* 28068_story.txt in Resources */ = {isa = PBXBuildFile; fileRef = F30CA2562460A3D700CEA2A6 /* 28068_story.txt */; };
		F30CA2892460A3D800CEA2A6 /* 28094_story.txt in Resources */ = {isa = PBXBuildFile; fileRef = F30CA2572460A3D700CEA2A6 /* 28094_story.txt */; };
		F30CA28A2460A3D800CEA2A6 /* 28069_story.txt in Resources */ = {isa = PBXBuildFile; fileRef = F30CA2582460A3D700CEA2A6 /* 28069_story.txt */; };
		F30CA28B2460A3D800CEA2A6 /* 28070_story.txt in Resources */ = {isa = PBXBuildFile; fileRef = F30CA2592460A3D700CEA2A6 /* 28070_story.txt */; };
		F30CA28C2460A3D800CEA2A6 /* 28098_story.txt in Resources */ = {isa = PBXBuildFile; fileRef = F30CA25A2460A3D700CEA2A6 /* 28098_story.txt */; };
		F30CA28D2460A3D800CEA2A6 /* 28061_story.txt in Resources */ = {isa = PBXBuildFile; fileRef = F30CA25B2460A3D700CEA2A6 /* 28061_story.txt */; };
		F30CA28E2460A3D800CEA2A6 /* 28075_story.txt in Resources */ = {isa = PBXBuildFile; fileRef = F30CA25C2460A3D700CEA2A6 /* 28075_story.txt */; };
		F30CA28F2460A3D800CEA2A6 /* 28074_story.txt in Resources */ = {isa = PBXBuildFile; fileRef = F30CA25D2460A3D700CEA2A6 /* 28074_story.txt */; };
		F30CA2902460A3D800CEA2A6 /* 28097_story.txt in Resources */ = {isa = PBXBuildFile; fileRef = F30CA25E2460A3D700CEA2A6 /* 28097_story.txt */; };
		F30CA2912460A3D800CEA2A6 /* 28072_story.txt in Resources */ = {isa = PBXBuildFile; fileRef = F30CA25F2460A3D700CEA2A6 /* 28072_story.txt */; };
		F30CA2922460A3D800CEA2A6 /* 28066_story.txt in Resources */ = {isa = PBXBuildFile; fileRef = F30CA2602460A3D700CEA2A6 /* 28066_story.txt */; };
		F30CA2952460A3D800CEA2A6 /* SceneDelegate.swift in Sources */ = {isa = PBXBuildFile; fileRef = F30CA2632460A3D700CEA2A6 /* SceneDelegate.swift */; };
		F30CA2962460A3D800CEA2A6 /* MapView.swift in Sources */ = {isa = PBXBuildFile; fileRef = F30CA2652460A3D700CEA2A6 /* MapView.swift */; };
		F30CA2982460A3D800CEA2A6 /* AnchorExtension.swift in Sources */ = {isa = PBXBuildFile; fileRef = F30CA2682460A3D700CEA2A6 /* AnchorExtension.swift */; };
		F347B06424E8D1A700E76E3B /* PhotoPoints.xcdatamodeld in Sources */ = {isa = PBXBuildFile; fileRef = F347B06224E8D1A700E76E3B /* PhotoPoints.xcdatamodeld */; };
		F38F504B24EC81B700016F8C /* Image+CoreDataClass.swift in Sources */ = {isa = PBXBuildFile; fileRef = F38F503F24EC81B700016F8C /* Image+CoreDataClass.swift */; };
		F38F504C24EC81B700016F8C /* Image+CoreDataProperties.swift in Sources */ = {isa = PBXBuildFile; fileRef = F38F504024EC81B700016F8C /* Image+CoreDataProperties.swift */; };
		F38F504D24EC81B700016F8C /* Coordinate+CoreDataClass.swift in Sources */ = {isa = PBXBuildFile; fileRef = F38F504124EC81B700016F8C /* Coordinate+CoreDataClass.swift */; };
		F38F504E24EC81B700016F8C /* Coordinate+CoreDataProperties.swift in Sources */ = {isa = PBXBuildFile; fileRef = F38F504224EC81B700016F8C /* Coordinate+CoreDataProperties.swift */; };
		F38F504F24EC81B700016F8C /* Detail+CoreDataClass.swift in Sources */ = {isa = PBXBuildFile; fileRef = F38F504324EC81B700016F8C /* Detail+CoreDataClass.swift */; };
		F38F505024EC81B700016F8C /* Detail+CoreDataProperties.swift in Sources */ = {isa = PBXBuildFile; fileRef = F38F504424EC81B700016F8C /* Detail+CoreDataProperties.swift */; };
		F38F505124EC81B700016F8C /* Item+CoreDataClass.swift in Sources */ = {isa = PBXBuildFile; fileRef = F38F504524EC81B700016F8C /* Item+CoreDataClass.swift */; };
		F38F505224EC81B700016F8C /* Item+CoreDataProperties.swift in Sources */ = {isa = PBXBuildFile; fileRef = F38F504624EC81B700016F8C /* Item+CoreDataProperties.swift */; };
		F38F505824EC82F100016F8C /* ImageType.swift in Sources */ = {isa = PBXBuildFile; fileRef = F38F505724EC82F100016F8C /* ImageType.swift */; };
		F3B67CC52585273F0095E6F5 /* StartupManager.swift in Sources */ = {isa = PBXBuildFile; fileRef = F3B67CC42585273F0095E6F5 /* StartupManager.swift */; };
/* End PBXBuildFile section */

/* Begin PBXFileReference section */
		3F33389E247E454D00F89653 /* SimpleAnnotation.swift */ = {isa = PBXFileReference; lastKnownFileType = sourcecode.swift; path = SimpleAnnotation.swift; sourceTree = "<group>"; };
		3F5B661F2568E7AF00AC19DA /* MapOverlay.swift */ = {isa = PBXFileReference; lastKnownFileType = sourcecode.swift; path = MapOverlay.swift; sourceTree = "<group>"; };
		3F6A4CC925852D0E006F38D0 /* initial_data.json */ = {isa = PBXFileReference; lastKnownFileType = text.json; path = initial_data.json; sourceTree = "<group>"; };
		3F5B66282585956000AC19DA /* MapOverlay.swift */ = {isa = PBXFileReference; lastKnownFileType = sourcecode.swift; path = MapOverlay.swift; sourceTree = "<group>"; };
		3F5B662B25859A9D00AC19DA /* tiles */ = {isa = PBXFileReference; lastKnownFileType = folder; path = tiles; sourceTree = "<group>"; };
		3FB5AA4D247E2CD100DF2966 /* CustomAnnotation.swift */ = {isa = PBXFileReference; lastKnownFileType = sourcecode.swift; path = CustomAnnotation.swift; sourceTree = "<group>"; };
		DC3FDF982467A2D100DD613A /* Repository.swift */ = {isa = PBXFileReference; lastKnownFileType = sourcecode.swift; path = Repository.swift; sourceTree = "<group>"; };
		F3095930246BA1A40088FB19 /* ImageManager.swift */ = {isa = PBXFileReference; lastKnownFileType = sourcecode.swift; path = ImageManager.swift; sourceTree = "<group>"; };
		F30CA1FF2460A2F800CEA2A6 /* PhotoPoints.app */ = {isa = PBXFileReference; explicitFileType = wrapper.application; includeInIndex = 0; path = PhotoPoints.app; sourceTree = BUILT_PRODUCTS_DIR; };
		F30CA2022460A2F800CEA2A6 /* AppDelegate.swift */ = {isa = PBXFileReference; lastKnownFileType = sourcecode.swift; path = AppDelegate.swift; sourceTree = "<group>"; };
		F30CA20E2460A2FC00CEA2A6 /* Assets.xcassets */ = {isa = PBXFileReference; lastKnownFileType = folder.assetcatalog; path = Assets.xcassets; sourceTree = "<group>"; };
		F30CA2112460A2FC00CEA2A6 /* Base */ = {isa = PBXFileReference; lastKnownFileType = file.storyboard; name = Base; path = Base.lproj/LaunchScreen.storyboard; sourceTree = "<group>"; };
		F30CA2132460A2FC00CEA2A6 /* Info.plist */ = {isa = PBXFileReference; lastKnownFileType = text.plist.xml; path = Info.plist; sourceTree = "<group>"; };
		F30CA2362460A3D700CEA2A6 /* ScannerView.swift */ = {isa = PBXFileReference; fileEncoding = 4; lastKnownFileType = sourcecode.swift; path = ScannerView.swift; sourceTree = "<group>"; };
		F30CA2382460A3D700CEA2A6 /* MainTabBar.swift */ = {isa = PBXFileReference; fileEncoding = 4; lastKnownFileType = sourcecode.swift; path = MainTabBar.swift; sourceTree = "<group>"; };
		F30CA24B2460A3D700CEA2A6 /* ItemCollectionCell.swift */ = {isa = PBXFileReference; fileEncoding = 4; lastKnownFileType = sourcecode.swift; path = ItemCollectionCell.swift; sourceTree = "<group>"; };
		F30CA24C2460A3D700CEA2A6 /* ItemCollectionView.swift */ = {isa = PBXFileReference; fileEncoding = 4; lastKnownFileType = sourcecode.swift; path = ItemCollectionView.swift; sourceTree = "<group>"; };
		F30CA24E2460A3D700CEA2A6 /* ItemDetailView.swift */ = {isa = PBXFileReference; fileEncoding = 4; lastKnownFileType = sourcecode.swift; path = ItemDetailView.swift; sourceTree = "<group>"; };
		F30CA2512460A3D700CEA2A6 /* MockDatabase.swift */ = {isa = PBXFileReference; fileEncoding = 4; lastKnownFileType = sourcecode.swift; path = MockDatabase.swift; sourceTree = "<group>"; };
		F30CA2532460A3D700CEA2A6 /* 28092_story.txt */ = {isa = PBXFileReference; fileEncoding = 4; lastKnownFileType = text; path = 28092_story.txt; sourceTree = "<group>"; };
		F30CA2542460A3D700CEA2A6 /* 28086_story.txt */ = {isa = PBXFileReference; fileEncoding = 4; lastKnownFileType = text; path = 28086_story.txt; sourceTree = "<group>"; };
		F30CA2552460A3D700CEA2A6 /* 28063_story.txt */ = {isa = PBXFileReference; fileEncoding = 4; lastKnownFileType = text; path = 28063_story.txt; sourceTree = "<group>"; };
		F30CA2562460A3D700CEA2A6 /* 28068_story.txt */ = {isa = PBXFileReference; fileEncoding = 4; lastKnownFileType = text; path = 28068_story.txt; sourceTree = "<group>"; };
		F30CA2572460A3D700CEA2A6 /* 28094_story.txt */ = {isa = PBXFileReference; fileEncoding = 4; lastKnownFileType = text; path = 28094_story.txt; sourceTree = "<group>"; };
		F30CA2582460A3D700CEA2A6 /* 28069_story.txt */ = {isa = PBXFileReference; fileEncoding = 4; lastKnownFileType = text; path = 28069_story.txt; sourceTree = "<group>"; };
		F30CA2592460A3D700CEA2A6 /* 28070_story.txt */ = {isa = PBXFileReference; fileEncoding = 4; lastKnownFileType = text; path = 28070_story.txt; sourceTree = "<group>"; };
		F30CA25A2460A3D700CEA2A6 /* 28098_story.txt */ = {isa = PBXFileReference; fileEncoding = 4; lastKnownFileType = text; path = 28098_story.txt; sourceTree = "<group>"; };
		F30CA25B2460A3D700CEA2A6 /* 28061_story.txt */ = {isa = PBXFileReference; fileEncoding = 4; lastKnownFileType = text; path = 28061_story.txt; sourceTree = "<group>"; };
		F30CA25C2460A3D700CEA2A6 /* 28075_story.txt */ = {isa = PBXFileReference; fileEncoding = 4; lastKnownFileType = text; path = 28075_story.txt; sourceTree = "<group>"; };
		F30CA25D2460A3D700CEA2A6 /* 28074_story.txt */ = {isa = PBXFileReference; fileEncoding = 4; lastKnownFileType = text; path = 28074_story.txt; sourceTree = "<group>"; };
		F30CA25E2460A3D700CEA2A6 /* 28097_story.txt */ = {isa = PBXFileReference; fileEncoding = 4; lastKnownFileType = text; path = 28097_story.txt; sourceTree = "<group>"; };
		F30CA25F2460A3D700CEA2A6 /* 28072_story.txt */ = {isa = PBXFileReference; fileEncoding = 4; lastKnownFileType = text; path = 28072_story.txt; sourceTree = "<group>"; };
		F30CA2602460A3D700CEA2A6 /* 28066_story.txt */ = {isa = PBXFileReference; fileEncoding = 4; lastKnownFileType = text; path = 28066_story.txt; sourceTree = "<group>"; };
		F30CA2632460A3D700CEA2A6 /* SceneDelegate.swift */ = {isa = PBXFileReference; fileEncoding = 4; lastKnownFileType = sourcecode.swift; path = SceneDelegate.swift; sourceTree = "<group>"; };
		F30CA2652460A3D700CEA2A6 /* MapView.swift */ = {isa = PBXFileReference; fileEncoding = 4; lastKnownFileType = sourcecode.swift; path = MapView.swift; sourceTree = "<group>"; };
		F30CA2682460A3D700CEA2A6 /* AnchorExtension.swift */ = {isa = PBXFileReference; fileEncoding = 4; lastKnownFileType = sourcecode.swift; path = AnchorExtension.swift; sourceTree = "<group>"; };
		F347B06324E8D1A700E76E3B /* Model.xcdatamodel */ = {isa = PBXFileReference; lastKnownFileType = wrapper.xcdatamodel; path = Model.xcdatamodel; sourceTree = "<group>"; };
		F38F503F24EC81B700016F8C /* Image+CoreDataClass.swift */ = {isa = PBXFileReference; lastKnownFileType = sourcecode.swift; path = "Image+CoreDataClass.swift"; sourceTree = "<group>"; };
		F38F504024EC81B700016F8C /* Image+CoreDataProperties.swift */ = {isa = PBXFileReference; lastKnownFileType = sourcecode.swift; path = "Image+CoreDataProperties.swift"; sourceTree = "<group>"; };
		F38F504124EC81B700016F8C /* Coordinate+CoreDataClass.swift */ = {isa = PBXFileReference; lastKnownFileType = sourcecode.swift; path = "Coordinate+CoreDataClass.swift"; sourceTree = "<group>"; };
		F38F504224EC81B700016F8C /* Coordinate+CoreDataProperties.swift */ = {isa = PBXFileReference; lastKnownFileType = sourcecode.swift; path = "Coordinate+CoreDataProperties.swift"; sourceTree = "<group>"; };
		F38F504324EC81B700016F8C /* Detail+CoreDataClass.swift */ = {isa = PBXFileReference; lastKnownFileType = sourcecode.swift; path = "Detail+CoreDataClass.swift"; sourceTree = "<group>"; };
		F38F504424EC81B700016F8C /* Detail+CoreDataProperties.swift */ = {isa = PBXFileReference; lastKnownFileType = sourcecode.swift; path = "Detail+CoreDataProperties.swift"; sourceTree = "<group>"; };
		F38F504524EC81B700016F8C /* Item+CoreDataClass.swift */ = {isa = PBXFileReference; lastKnownFileType = sourcecode.swift; path = "Item+CoreDataClass.swift"; sourceTree = "<group>"; };
		F38F504624EC81B700016F8C /* Item+CoreDataProperties.swift */ = {isa = PBXFileReference; lastKnownFileType = sourcecode.swift; path = "Item+CoreDataProperties.swift"; sourceTree = "<group>"; };
		F38F505724EC82F100016F8C /* ImageType.swift */ = {isa = PBXFileReference; lastKnownFileType = sourcecode.swift; path = ImageType.swift; sourceTree = "<group>"; };
		F3B67CC42585273F0095E6F5 /* StartupManager.swift */ = {isa = PBXFileReference; lastKnownFileType = sourcecode.swift; path = StartupManager.swift; sourceTree = "<group>"; };
/* End PBXFileReference section */

/* Begin PBXFrameworksBuildPhase section */
		F30CA1FC2460A2F800CEA2A6 /* Frameworks */ = {
			isa = PBXFrameworksBuildPhase;
			buildActionMask = 2147483647;
			files = (
			);
			runOnlyForDeploymentPostprocessing = 0;
		};
/* End PBXFrameworksBuildPhase section */

/* Begin PBXGroup section */
		F309592F246BA1690088FB19 /* Controller */ = {
			isa = PBXGroup;
			children = (
				F3095930246BA1A40088FB19 /* ImageManager.swift */,
			);
			path = Controller;
			sourceTree = "<group>";
		};
		F3095932246BA5900088FB19 /* View */ = {
			isa = PBXGroup;
			children = (
				F30CA2382460A3D700CEA2A6 /* MainTabBar.swift */,
				F30CA2352460A3D700CEA2A6 /* Scanner */,
				F30CA24A2460A3D700CEA2A6 /* Plant Library */,
				F30CA2642460A3D700CEA2A6 /* Map */,
			);
			path = View;
			sourceTree = "<group>";
		};
		F30CA1F62460A2F800CEA2A6 = {
			isa = PBXGroup;
			children = (
				F30CA2012460A2F800CEA2A6 /* PhotoPoints */,
				F30CA2002460A2F800CEA2A6 /* Products */,
			);
			sourceTree = "<group>";
		};
		F30CA2002460A2F800CEA2A6 /* Products */ = {
			isa = PBXGroup;
			children = (
				F30CA1FF2460A2F800CEA2A6 /* PhotoPoints.app */,
			);
			name = Products;
			sourceTree = "<group>";
		};
		F30CA2012460A2F800CEA2A6 /* PhotoPoints */ = {
			isa = PBXGroup;
			children = (
				3F5B662B25859A9D00AC19DA /* tiles */,
				F30CA2022460A2F800CEA2A6 /* AppDelegate.swift */,
				F30CA2632460A3D700CEA2A6 /* SceneDelegate.swift */,
				F3B67CC42585273F0095E6F5 /* StartupManager.swift */,
				F30CA24F2460A3D700CEA2A6 /* Model */,
				F3095932246BA5900088FB19 /* View */,
				F309592F246BA1690088FB19 /* Controller */,
				F30CA2672460A3D700CEA2A6 /* Helpers */,
				F30CA20E2460A2FC00CEA2A6 /* Assets.xcassets */,
				F30CA2102460A2FC00CEA2A6 /* LaunchScreen.storyboard */,
				F30CA2132460A2FC00CEA2A6 /* Info.plist */,
				3F6A4CC925852D0E006F38D0 /* initial_data.json */,
			);
			path = PhotoPoints;
			sourceTree = "<group>";
			usesTabs = 0;
		};
		F30CA2352460A3D700CEA2A6 /* Scanner */ = {
			isa = PBXGroup;
			children = (
				F30CA2362460A3D700CEA2A6 /* ScannerView.swift */,
			);
			path = Scanner;
			sourceTree = "<group>";
		};
		F30CA24A2460A3D700CEA2A6 /* Plant Library */ = {
			isa = PBXGroup;
			children = (
				F30CA24C2460A3D700CEA2A6 /* ItemCollectionView.swift */,
				F30CA24B2460A3D700CEA2A6 /* ItemCollectionCell.swift */,
				F30CA24E2460A3D700CEA2A6 /* ItemDetailView.swift */,
			);
			path = "Plant Library";
			sourceTree = "<group>";
		};
		F30CA24F2460A3D700CEA2A6 /* Model */ = {
			isa = PBXGroup;
			children = (
				F347B06224E8D1A700E76E3B /* PhotoPoints.xcdatamodeld */,
				F38F505724EC82F100016F8C /* ImageType.swift */,
				F38F504124EC81B700016F8C /* Coordinate+CoreDataClass.swift */,
				F38F504224EC81B700016F8C /* Coordinate+CoreDataProperties.swift */,
				F38F504324EC81B700016F8C /* Detail+CoreDataClass.swift */,
				F38F504424EC81B700016F8C /* Detail+CoreDataProperties.swift */,
				F38F503F24EC81B700016F8C /* Image+CoreDataClass.swift */,
				F38F504024EC81B700016F8C /* Image+CoreDataProperties.swift */,
				F38F504524EC81B700016F8C /* Item+CoreDataClass.swift */,
				F38F504624EC81B700016F8C /* Item+CoreDataProperties.swift */,
				DC3FDF982467A2D100DD613A /* Repository.swift */,
				F30CA2512460A3D700CEA2A6 /* MockDatabase.swift */,
				F30CA2522460A3D700CEA2A6 /* Stories */,
			);
			path = Model;
			sourceTree = "<group>";
		};
		F30CA2522460A3D700CEA2A6 /* Stories */ = {
			isa = PBXGroup;
			children = (
				F30CA2532460A3D700CEA2A6 /* 28092_story.txt */,
				F30CA2542460A3D700CEA2A6 /* 28086_story.txt */,
				F30CA2552460A3D700CEA2A6 /* 28063_story.txt */,
				F30CA2562460A3D700CEA2A6 /* 28068_story.txt */,
				F30CA2572460A3D700CEA2A6 /* 28094_story.txt */,
				F30CA2582460A3D700CEA2A6 /* 28069_story.txt */,
				F30CA2592460A3D700CEA2A6 /* 28070_story.txt */,
				F30CA25A2460A3D700CEA2A6 /* 28098_story.txt */,
				F30CA25B2460A3D700CEA2A6 /* 28061_story.txt */,
				F30CA25C2460A3D700CEA2A6 /* 28075_story.txt */,
				F30CA25D2460A3D700CEA2A6 /* 28074_story.txt */,
				F30CA25E2460A3D700CEA2A6 /* 28097_story.txt */,
				F30CA25F2460A3D700CEA2A6 /* 28072_story.txt */,
				F30CA2602460A3D700CEA2A6 /* 28066_story.txt */,
			);
			path = Stories;
			sourceTree = "<group>";
		};
		F30CA2642460A3D700CEA2A6 /* Map */ = {
			isa = PBXGroup;
			children = (
				F30CA2652460A3D700CEA2A6 /* MapView.swift */,
				3F5B661F2568E7AF00AC19DA /* MapOverlay.swift */,
				3FB5AA4D247E2CD100DF2966 /* CustomAnnotation.swift */,
				3F33389E247E454D00F89653 /* SimpleAnnotation.swift */,
				3F5B66282585956000AC19DA /* MapOverlay.swift */,
			);
			path = Map;
			sourceTree = "<group>";
		};
		F30CA2672460A3D700CEA2A6 /* Helpers */ = {
			isa = PBXGroup;
			children = (
				F30CA2682460A3D700CEA2A6 /* AnchorExtension.swift */,
			);
			path = Helpers;
			sourceTree = "<group>";
		};
/* End PBXGroup section */

/* Begin PBXNativeTarget section */
		F30CA1FE2460A2F800CEA2A6 /* PhotoPoints */ = {
			isa = PBXNativeTarget;
			buildConfigurationList = F30CA22C2460A2FC00CEA2A6 /* Build configuration list for PBXNativeTarget "PhotoPoints" */;
			buildPhases = (
				F30CA1FB2460A2F800CEA2A6 /* Sources */,
				F30CA1FC2460A2F800CEA2A6 /* Frameworks */,
				F30CA1FD2460A2F800CEA2A6 /* Resources */,
			);
			buildRules = (
			);
			dependencies = (
			);
			name = PhotoPoints;
			productName = PhotoPoints;
			productReference = F30CA1FF2460A2F800CEA2A6 /* PhotoPoints.app */;
			productType = "com.apple.product-type.application";
		};
/* End PBXNativeTarget section */

/* Begin PBXProject section */
		F30CA1F72460A2F800CEA2A6 /* Project object */ = {
			isa = PBXProject;
			attributes = {
				LastSwiftUpdateCheck = 1140;
				LastUpgradeCheck = 1200;
				ORGANIZATIONNAME = "Cascadia College";
				TargetAttributes = {
					F30CA1FE2460A2F800CEA2A6 = {
						CreatedOnToolsVersion = 11.4;
					};
				};
			};
			buildConfigurationList = F30CA1FA2460A2F800CEA2A6 /* Build configuration list for PBXProject "PhotoPoints" */;
			compatibilityVersion = "Xcode 9.3";
			developmentRegion = en;
			hasScannedForEncodings = 0;
			knownRegions = (
				en,
				Base,
			);
			mainGroup = F30CA1F62460A2F800CEA2A6;
			productRefGroup = F30CA2002460A2F800CEA2A6 /* Products */;
			projectDirPath = "";
			projectRoot = "";
			targets = (
				F30CA1FE2460A2F800CEA2A6 /* PhotoPoints */,
			);
		};
/* End PBXProject section */

/* Begin PBXResourcesBuildPhase section */
		F30CA1FD2460A2F800CEA2A6 /* Resources */ = {
			isa = PBXResourcesBuildPhase;
			buildActionMask = 2147483647;
			files = (
				F30CA2872460A3D800CEA2A6 /* 28063_story.txt in Resources */,
				F30CA28D2460A3D800CEA2A6 /* 28061_story.txt in Resources */,
				F30CA28A2460A3D800CEA2A6 /* 28069_story.txt in Resources */,
				F30CA2862460A3D800CEA2A6 /* 28086_story.txt in Resources */,
				F30CA2892460A3D800CEA2A6 /* 28094_story.txt in Resources */,
				F30CA2902460A3D800CEA2A6 /* 28097_story.txt in Resources */,
				3F6A4CCA25852D0E006F38D0 /* initial_data.json in Resources */,
				F30CA2852460A3D800CEA2A6 /* 28092_story.txt in Resources */,
				F30CA28F2460A3D800CEA2A6 /* 28074_story.txt in Resources */,
				F30CA28B2460A3D800CEA2A6 /* 28070_story.txt in Resources */,
				3F5B662C25859A9D00AC19DA /* tiles in Resources */,
				F30CA2922460A3D800CEA2A6 /* 28066_story.txt in Resources */,
				F30CA2122460A2FC00CEA2A6 /* LaunchScreen.storyboard in Resources */,
				F30CA2912460A3D800CEA2A6 /* 28072_story.txt in Resources */,
				F30CA28C2460A3D800CEA2A6 /* 28098_story.txt in Resources */,
				F30CA28E2460A3D800CEA2A6 /* 28075_story.txt in Resources */,
				F30CA20F2460A2FC00CEA2A6 /* Assets.xcassets in Resources */,
				F30CA2882460A3D800CEA2A6 /* 28068_story.txt in Resources */,
			);
			runOnlyForDeploymentPostprocessing = 0;
		};
/* End PBXResourcesBuildPhase section */

/* Begin PBXSourcesBuildPhase section */
		F30CA1FB2460A2F800CEA2A6 /* Sources */ = {
			isa = PBXSourcesBuildPhase;
			buildActionMask = 2147483647;
			files = (
				F30CA26C2460A3D800CEA2A6 /* ScannerView.swift in Sources */,
				F3095931246BA1A40088FB19 /* ImageManager.swift in Sources */,
				3F5B66292585956000AC19DA /* MapOverlay.swift in Sources */,
				F30CA2802460A3D800CEA2A6 /* ItemCollectionView.swift in Sources */,
				F30CA2032460A2F800CEA2A6 /* AppDelegate.swift in Sources */,
				F38F504D24EC81B700016F8C /* Coordinate+CoreDataClass.swift in Sources */,
				F30CA2822460A3D800CEA2A6 /* ItemDetailView.swift in Sources */,
				F38F504F24EC81B700016F8C /* Detail+CoreDataClass.swift in Sources */,
				3FB5AA4E247E2CD100DF2966 /* CustomAnnotation.swift in Sources */,
				F38F504B24EC81B700016F8C /* Image+CoreDataClass.swift in Sources */,
				3F33389F247E454D00F89653 /* SimpleAnnotation.swift in Sources */,
				F38F504C24EC81B700016F8C /* Image+CoreDataProperties.swift in Sources */,
				F38F505124EC81B700016F8C /* Item+CoreDataClass.swift in Sources */,
				F347B06424E8D1A700E76E3B /* PhotoPoints.xcdatamodeld in Sources */,
				F38F505824EC82F100016F8C /* ImageType.swift in Sources */,
				F30CA2952460A3D800CEA2A6 /* SceneDelegate.swift in Sources */,
				F38F504E24EC81B700016F8C /* Coordinate+CoreDataProperties.swift in Sources */,
				F30CA2982460A3D800CEA2A6 /* AnchorExtension.swift in Sources */,
				F30CA2962460A3D800CEA2A6 /* MapView.swift in Sources */,
				F38F505224EC81B700016F8C /* Item+CoreDataProperties.swift in Sources */,
				F30CA27F2460A3D800CEA2A6 /* ItemCollectionCell.swift in Sources */,
				F38F505024EC81B700016F8C /* Detail+CoreDataProperties.swift in Sources */,
				F3B67CC52585273F0095E6F5 /* StartupManager.swift in Sources */,
				DC3FDF992467A2D100DD613A /* Repository.swift in Sources */,
				F30CA26E2460A3D800CEA2A6 /* MainTabBar.swift in Sources */,
				F30CA2842460A3D800CEA2A6 /* MockDatabase.swift in Sources */,
			);
			runOnlyForDeploymentPostprocessing = 0;
		};
/* End PBXSourcesBuildPhase section */

/* Begin PBXVariantGroup section */
		F30CA2102460A2FC00CEA2A6 /* LaunchScreen.storyboard */ = {
			isa = PBXVariantGroup;
			children = (
				F30CA2112460A2FC00CEA2A6 /* Base */,
			);
			name = LaunchScreen.storyboard;
			sourceTree = "<group>";
		};
/* End PBXVariantGroup section */

/* Begin XCBuildConfiguration section */
		F30CA22A2460A2FC00CEA2A6 /* Debug */ = {
			isa = XCBuildConfiguration;
			buildSettings = {
				ALWAYS_SEARCH_USER_PATHS = NO;
				CLANG_ANALYZER_NONNULL = YES;
				CLANG_ANALYZER_NUMBER_OBJECT_CONVERSION = YES_AGGRESSIVE;
				CLANG_CXX_LANGUAGE_STANDARD = "gnu++14";
				CLANG_CXX_LIBRARY = "libc++";
				CLANG_ENABLE_MODULES = YES;
				CLANG_ENABLE_OBJC_ARC = YES;
				CLANG_ENABLE_OBJC_WEAK = YES;
				CLANG_WARN_BLOCK_CAPTURE_AUTORELEASING = YES;
				CLANG_WARN_BOOL_CONVERSION = YES;
				CLANG_WARN_COMMA = YES;
				CLANG_WARN_CONSTANT_CONVERSION = YES;
				CLANG_WARN_DEPRECATED_OBJC_IMPLEMENTATIONS = YES;
				CLANG_WARN_DIRECT_OBJC_ISA_USAGE = YES_ERROR;
				CLANG_WARN_DOCUMENTATION_COMMENTS = YES;
				CLANG_WARN_EMPTY_BODY = YES;
				CLANG_WARN_ENUM_CONVERSION = YES;
				CLANG_WARN_INFINITE_RECURSION = YES;
				CLANG_WARN_INT_CONVERSION = YES;
				CLANG_WARN_NON_LITERAL_NULL_CONVERSION = YES;
				CLANG_WARN_OBJC_IMPLICIT_RETAIN_SELF = YES;
				CLANG_WARN_OBJC_LITERAL_CONVERSION = YES;
				CLANG_WARN_OBJC_ROOT_CLASS = YES_ERROR;
				CLANG_WARN_QUOTED_INCLUDE_IN_FRAMEWORK_HEADER = YES;
				CLANG_WARN_RANGE_LOOP_ANALYSIS = YES;
				CLANG_WARN_STRICT_PROTOTYPES = YES;
				CLANG_WARN_SUSPICIOUS_MOVE = YES;
				CLANG_WARN_UNGUARDED_AVAILABILITY = YES_AGGRESSIVE;
				CLANG_WARN_UNREACHABLE_CODE = YES;
				CLANG_WARN__DUPLICATE_METHOD_MATCH = YES;
				COPY_PHASE_STRIP = NO;
				DEBUG_INFORMATION_FORMAT = dwarf;
				ENABLE_STRICT_OBJC_MSGSEND = YES;
				ENABLE_TESTABILITY = YES;
				GCC_C_LANGUAGE_STANDARD = gnu11;
				GCC_DYNAMIC_NO_PIC = NO;
				GCC_NO_COMMON_BLOCKS = YES;
				GCC_OPTIMIZATION_LEVEL = 0;
				GCC_PREPROCESSOR_DEFINITIONS = (
					"DEBUG=1",
					"$(inherited)",
				);
				GCC_WARN_64_TO_32_BIT_CONVERSION = YES;
				GCC_WARN_ABOUT_RETURN_TYPE = YES_ERROR;
				GCC_WARN_UNDECLARED_SELECTOR = YES;
				GCC_WARN_UNINITIALIZED_AUTOS = YES_AGGRESSIVE;
				GCC_WARN_UNUSED_FUNCTION = YES;
				GCC_WARN_UNUSED_VARIABLE = YES;
				IPHONEOS_DEPLOYMENT_TARGET = 13.4;
				MTL_ENABLE_DEBUG_INFO = INCLUDE_SOURCE;
				MTL_FAST_MATH = YES;
				ONLY_ACTIVE_ARCH = YES;
				SDKROOT = iphoneos;
				SWIFT_ACTIVE_COMPILATION_CONDITIONS = DEBUG;
				SWIFT_OPTIMIZATION_LEVEL = "-Onone";
			};
			name = Debug;
		};
		F30CA22B2460A2FC00CEA2A6 /* Release */ = {
			isa = XCBuildConfiguration;
			buildSettings = {
				ALWAYS_SEARCH_USER_PATHS = NO;
				CLANG_ANALYZER_NONNULL = YES;
				CLANG_ANALYZER_NUMBER_OBJECT_CONVERSION = YES_AGGRESSIVE;
				CLANG_CXX_LANGUAGE_STANDARD = "gnu++14";
				CLANG_CXX_LIBRARY = "libc++";
				CLANG_ENABLE_MODULES = YES;
				CLANG_ENABLE_OBJC_ARC = YES;
				CLANG_ENABLE_OBJC_WEAK = YES;
				CLANG_WARN_BLOCK_CAPTURE_AUTORELEASING = YES;
				CLANG_WARN_BOOL_CONVERSION = YES;
				CLANG_WARN_COMMA = YES;
				CLANG_WARN_CONSTANT_CONVERSION = YES;
				CLANG_WARN_DEPRECATED_OBJC_IMPLEMENTATIONS = YES;
				CLANG_WARN_DIRECT_OBJC_ISA_USAGE = YES_ERROR;
				CLANG_WARN_DOCUMENTATION_COMMENTS = YES;
				CLANG_WARN_EMPTY_BODY = YES;
				CLANG_WARN_ENUM_CONVERSION = YES;
				CLANG_WARN_INFINITE_RECURSION = YES;
				CLANG_WARN_INT_CONVERSION = YES;
				CLANG_WARN_NON_LITERAL_NULL_CONVERSION = YES;
				CLANG_WARN_OBJC_IMPLICIT_RETAIN_SELF = YES;
				CLANG_WARN_OBJC_LITERAL_CONVERSION = YES;
				CLANG_WARN_OBJC_ROOT_CLASS = YES_ERROR;
				CLANG_WARN_QUOTED_INCLUDE_IN_FRAMEWORK_HEADER = YES;
				CLANG_WARN_RANGE_LOOP_ANALYSIS = YES;
				CLANG_WARN_STRICT_PROTOTYPES = YES;
				CLANG_WARN_SUSPICIOUS_MOVE = YES;
				CLANG_WARN_UNGUARDED_AVAILABILITY = YES_AGGRESSIVE;
				CLANG_WARN_UNREACHABLE_CODE = YES;
				CLANG_WARN__DUPLICATE_METHOD_MATCH = YES;
				COPY_PHASE_STRIP = NO;
				DEBUG_INFORMATION_FORMAT = "dwarf-with-dsym";
				ENABLE_NS_ASSERTIONS = NO;
				ENABLE_STRICT_OBJC_MSGSEND = YES;
				GCC_C_LANGUAGE_STANDARD = gnu11;
				GCC_NO_COMMON_BLOCKS = YES;
				GCC_WARN_64_TO_32_BIT_CONVERSION = YES;
				GCC_WARN_ABOUT_RETURN_TYPE = YES_ERROR;
				GCC_WARN_UNDECLARED_SELECTOR = YES;
				GCC_WARN_UNINITIALIZED_AUTOS = YES_AGGRESSIVE;
				GCC_WARN_UNUSED_FUNCTION = YES;
				GCC_WARN_UNUSED_VARIABLE = YES;
				IPHONEOS_DEPLOYMENT_TARGET = 13.4;
				MTL_ENABLE_DEBUG_INFO = NO;
				MTL_FAST_MATH = YES;
				SDKROOT = iphoneos;
				SWIFT_COMPILATION_MODE = wholemodule;
				SWIFT_OPTIMIZATION_LEVEL = "-O";
				VALIDATE_PRODUCT = YES;
			};
			name = Release;
		};
		F30CA22D2460A2FC00CEA2A6 /* Debug */ = {
			isa = XCBuildConfiguration;
			buildSettings = {
				ASSETCATALOG_COMPILER_APPICON_NAME = AppIcon;
				CODE_SIGN_STYLE = Automatic;
				DEVELOPMENT_TEAM = DFVB576FM8;
				INFOPLIST_FILE = PhotoPoints/Info.plist;
				IPHONEOS_DEPLOYMENT_TARGET = 13.2;
				LD_RUNPATH_SEARCH_PATHS = (
					"$(inherited)",
					"@executable_path/Frameworks",
				);
				PRODUCT_BUNDLE_IDENTIFIER = edu.cascadia.mobas.photopoints;
				PRODUCT_NAME = "$(TARGET_NAME)";
				SWIFT_VERSION = 5.0;
				TARGETED_DEVICE_FAMILY = "1,2";
			};
			name = Debug;
		};
		F30CA22E2460A2FC00CEA2A6 /* Release */ = {
			isa = XCBuildConfiguration;
			buildSettings = {
				ASSETCATALOG_COMPILER_APPICON_NAME = AppIcon;
				CODE_SIGN_STYLE = Automatic;
				DEVELOPMENT_TEAM = DFVB576FM8;
				INFOPLIST_FILE = PhotoPoints/Info.plist;
				IPHONEOS_DEPLOYMENT_TARGET = 13.2;
				LD_RUNPATH_SEARCH_PATHS = (
					"$(inherited)",
					"@executable_path/Frameworks",
				);
				PRODUCT_BUNDLE_IDENTIFIER = edu.cascadia.mobas.photopoints;
				PRODUCT_NAME = "$(TARGET_NAME)";
				SWIFT_VERSION = 5.0;
				TARGETED_DEVICE_FAMILY = "1,2";
			};
			name = Release;
		};
/* End XCBuildConfiguration section */

/* Begin XCConfigurationList section */
		F30CA1FA2460A2F800CEA2A6 /* Build configuration list for PBXProject "PhotoPoints" */ = {
			isa = XCConfigurationList;
			buildConfigurations = (
				F30CA22A2460A2FC00CEA2A6 /* Debug */,
				F30CA22B2460A2FC00CEA2A6 /* Release */,
			);
			defaultConfigurationIsVisible = 0;
			defaultConfigurationName = Release;
		};
		F30CA22C2460A2FC00CEA2A6 /* Build configuration list for PBXNativeTarget "PhotoPoints" */ = {
			isa = XCConfigurationList;
			buildConfigurations = (
				F30CA22D2460A2FC00CEA2A6 /* Debug */,
				F30CA22E2460A2FC00CEA2A6 /* Release */,
			);
			defaultConfigurationIsVisible = 0;
			defaultConfigurationName = Release;
		};
/* End XCConfigurationList section */

/* Begin XCVersionGroup section */
		F347B06224E8D1A700E76E3B /* PhotoPoints.xcdatamodeld */ = {
			isa = XCVersionGroup;
			children = (
				F347B06324E8D1A700E76E3B /* Model.xcdatamodel */,
			);
			currentVersion = F347B06324E8D1A700E76E3B /* Model.xcdatamodel */;
			path = PhotoPoints.xcdatamodeld;
			sourceTree = "<group>";
			versionGroupType = wrapper.xcdatamodel;
		};
/* End XCVersionGroup section */
	};
	rootObject = F30CA1F72460A2F800CEA2A6 /* Project object */;
}
